
Microsoft Visual Studio Solution File, Format Version 12.00
# Visual Studio Version 17
VisualStudioVersion = 17.6.33815.320
MinimumVisualStudioVersion = 10.0.40219.1
Project("{FAE04EC0-301F-11D3-BF4B-00C04F79EFBC}") = "PersonSerDeser", "PersonSerDeser\PersonSerDeser.csproj", "{7191229A-B1E9-445B-B573-BC74A6F27A99}"
EndProject
Global
	GlobalSection(SolutionConfigurationPlatforms) = preSolution
		Debug|Any CPU = Debug|Any CPU
		Release|Any CPU = Release|Any CPU
	EndGlobalSection
	GlobalSection(ProjectConfigurationPlatforms) = postSolution
		{7191229A-B1E9-445B-B573-BC74A6F27A99}.Debug|Any CPU.ActiveCfg = Debug|Any CPU
		{7191229A-B1E9-445B-B573-BC74A6F27A99}.Debug|Any CPU.Build.0 = Debug|Any CPU
		{7191229A-B1E9-445B-B573-BC74A6F27A99}.Release|Any CPU.ActiveCfg = Release|Any CPU
		{7191229A-B1E9-445B-B573-BC74A6F27A99}.Release|Any CPU.Build.0 = Release|Any CPU
	EndGlobalSection
	GlobalSection(SolutionProperties) = preSolution
		HideSolutionNode = FALSE
	EndGlobalSection
	GlobalSection(ExtensibilityGlobals) = postSolution
		SolutionGuid = {99A16FB7-EEC5-4840-8A67-79C4DD74F682}
	EndGlobalSection
EndGlobal
